
Microsoft Visual Studio Solution File, Format Version 12.00
# Visual Studio Version 17
VisualStudioVersion = 17.5.33516.290
MinimumVisualStudioVersion = 10.0.40219.1
Project("{9A19103F-16F7-4668-BE54-9A1E7A4F7556}") = "ExercicePOO", "ExercicePOO\ExercicePOO.csproj", "{708B1FA0-BDA1-43BC-9DF9-2811AEC1AAB6}"
EndProject
Project("{9A19103F-16F7-4668-BE54-9A1E7A4F7556}") = "Exercice10", "Exercice10\Exercice10.csproj", "{2C8515FD-2C08-4EF2-B666-07D5FCDE965F}"
EndProject
Project("{9A19103F-16F7-4668-BE54-9A1E7A4F7556}") = "ExerciceScientifique", "ExerciceScientifique\ExerciceScientifique.csproj", "{36408DD2-41AA-4236-94DB-6631144CB62D}"
EndProject
Project("{9A19103F-16F7-4668-BE54-9A1E7A4F7556}") = "ExerciceHotel", "ExerciceHotel\ExerciceHotel.csproj", "{9C0922BA-90B1-4D30-B859-1DAEA8724CA7}"
EndProject
Project("{FAE04EC0-301F-11D3-BF4B-00C04F79EFBC}") = "ExerciceCaisseEnregistreuse", "ExerciceCaisseEnregistreuse\ExerciceCaisseEnregistreuse.csproj", "{AF3F8A02-95BC-42F0-9545-05B850100D2E}"
EndProject
Global
	GlobalSection(SolutionConfigurationPlatforms) = preSolution
		Debug|Any CPU = Debug|Any CPU
		Release|Any CPU = Release|Any CPU
	EndGlobalSection
	GlobalSection(ProjectConfigurationPlatforms) = postSolution
		{708B1FA0-BDA1-43BC-9DF9-2811AEC1AAB6}.Debug|Any CPU.ActiveCfg = Debug|Any CPU
		{708B1FA0-BDA1-43BC-9DF9-2811AEC1AAB6}.Debug|Any CPU.Build.0 = Debug|Any CPU
		{708B1FA0-BDA1-43BC-9DF9-2811AEC1AAB6}.Release|Any CPU.ActiveCfg = Release|Any CPU
		{708B1FA0-BDA1-43BC-9DF9-2811AEC1AAB6}.Release|Any CPU.Build.0 = Release|Any CPU
		{2C8515FD-2C08-4EF2-B666-07D5FCDE965F}.Debug|Any CPU.ActiveCfg = Debug|Any CPU
		{2C8515FD-2C08-4EF2-B666-07D5FCDE965F}.Debug|Any CPU.Build.0 = Debug|Any CPU
		{2C8515FD-2C08-4EF2-B666-07D5FCDE965F}.Release|Any CPU.ActiveCfg = Release|Any CPU
		{2C8515FD-2C08-4EF2-B666-07D5FCDE965F}.Release|Any CPU.Build.0 = Release|Any CPU
		{36408DD2-41AA-4236-94DB-6631144CB62D}.Debug|Any CPU.ActiveCfg = Debug|Any CPU
		{36408DD2-41AA-4236-94DB-6631144CB62D}.Debug|Any CPU.Build.0 = Debug|Any CPU
		{36408DD2-41AA-4236-94DB-6631144CB62D}.Release|Any CPU.ActiveCfg = Release|Any CPU
		{36408DD2-41AA-4236-94DB-6631144CB62D}.Release|Any CPU.Build.0 = Release|Any CPU
		{9C0922BA-90B1-4D30-B859-1DAEA8724CA7}.Debug|Any CPU.ActiveCfg = Debug|Any CPU
		{9C0922BA-90B1-4D30-B859-1DAEA8724CA7}.Debug|Any CPU.Build.0 = Debug|Any CPU
		{9C0922BA-90B1-4D30-B859-1DAEA8724CA7}.Release|Any CPU.ActiveCfg = Release|Any CPU
		{9C0922BA-90B1-4D30-B859-1DAEA8724CA7}.Release|Any CPU.Build.0 = Release|Any CPU
		{AF3F8A02-95BC-42F0-9545-05B850100D2E}.Debug|Any CPU.ActiveCfg = Debug|Any CPU
		{AF3F8A02-95BC-42F0-9545-05B850100D2E}.Debug|Any CPU.Build.0 = Debug|Any CPU
		{AF3F8A02-95BC-42F0-9545-05B850100D2E}.Release|Any CPU.ActiveCfg = Release|Any CPU
		{AF3F8A02-95BC-42F0-9545-05B850100D2E}.Release|Any CPU.Build.0 = Release|Any CPU
	EndGlobalSection
	GlobalSection(SolutionProperties) = preSolution
		HideSolutionNode = FALSE
	EndGlobalSection
	GlobalSection(ExtensibilityGlobals) = postSolution
		SolutionGuid = {A0F98B9F-0871-4F69-9F1A-A114D2DD825A}
	EndGlobalSection
EndGlobal
